Microsoft Visual Studio Solution File, Format Version 12.00
# Visual Studio Version 17
VisualStudioVersion = 17.5.2.0
MinimumVisualStudioVersion = 10.0.40219.1
Project("{FAE04EC0-301F-11D3-BF4B-00C04F79EFBC}") = "Lab08_Ex01", "Lab08_Ex01\Lab08_Ex01.csproj", "{052D8659-6AEB-9373-13BD-E0EA40B79070}"
EndProject
Global
	GlobalSection(SolutionConfigurationPlatforms) = preSolution
		Debug|Any CPU = Debug|Any CPU
		Release|Any CPU = Release|Any CPU
	EndGlobalSection
	GlobalSection(ProjectConfigurationPlatforms) = postSolution
		{052D8659-6AEB-9373-13BD-E0EA40B79070}.Debug|Any CPU.ActiveCfg = Debug|Any CPU
		{052D8659-6AEB-9373-13BD-E0EA40B79070}.Debug|Any CPU.Build.0 = Debug|Any CPU
		{052D8659-6AEB-9373-13BD-E0EA40B79070}.Release|Any CPU.ActiveCfg = Release|Any CPU
		{052D8659-6AEB-9373-13BD-E0EA40B79070}.Release|Any CPU.Build.0 = Release|Any CPU
	EndGlobalSection
	GlobalSection(SolutionProperties) = preSolution
		HideSolutionNode = FALSE
	EndGlobalSection
	GlobalSection(ExtensibilityGlobals) = postSolution
		SolutionGuid = {734748CC-B878-4B30-86B8-3DFEF8057879}
	EndGlobalSection
EndGlobal
